
Microsoft Visual Studio Solution File, Format Version 12.00
# Visual Studio Version 16
VisualStudioVersion = 16.0.29411.108
MinimumVisualStudioVersion = 10.0.40219.1
Project("{FAE04EC0-301F-11D3-BF4B-00C04F79EFBC}") = "WebApplication10", "WebApplication10\WebApplication10.csproj", "{15174392-8431-4B5F-BF8A-E4BB5B37DB0C}"
EndProject
Global
	GlobalSection(SolutionConfigurationPlatforms) = preSolution
		Debug|Any CPU = Debug|Any CPU
		Release|Any CPU = Release|Any CPU
	EndGlobalSection
	GlobalSection(ProjectConfigurationPlatforms) = postSolution
		{15174392-8431-4B5F-BF8A-E4BB5B37DB0C}.Debug|Any CPU.ActiveCfg = Debug|Any CPU
		{15174392-8431-4B5F-BF8A-E4BB5B37DB0C}.Debug|Any CPU.Build.0 = Debug|Any CPU
		{15174392-8431-4B5F-BF8A-E4BB5B37DB0C}.Release|Any CPU.ActiveCfg = Release|Any CPU
		{15174392-8431-4B5F-BF8A-E4BB5B37DB0C}.Release|Any CPU.Build.0 = Release|Any CPU
	EndGlobalSection
	GlobalSection(SolutionProperties) = preSolution
		HideSolutionNode = FALSE
	EndGlobalSection
	GlobalSection(ExtensibilityGlobals) = postSolution
		SolutionGuid = {BF0790FE-7AD6-40BB-9EFC-A25E5B67465D}
	EndGlobalSection
EndGlobal
